
Microsoft Visual Studio Solution File, Format Version 12.00
# Visual Studio Version 17
VisualStudioVersion = 17.3.32825.248
MinimumVisualStudioVersion = 10.0.40219.1
Project("{9A19103F-16F7-4668-BE54-9A1E7A4F7556}") = "Depo.Data.Models", "Depo.Data.Models\Depo.Data.Models.csproj", "{3F5948DA-7A53-48AD-AE00-C06E840EA21C}"
EndProject
Project("{9A19103F-16F7-4668-BE54-9A1E7A4F7556}") = "Depo.Api", "Depo.Api\Depo.Api.csproj", "{9A19103F-16F7-4668-BE54-9A1E7A4F7556}"
EndProject
Project("{9A19103F-16F7-4668-BE54-9A1E7A4F7556}") = "Depo.BackgroundServices", "Depo.BackgroundServices\Depo.BackgroundServices.csproj", "{887086F6-427E-4D54-805A-7FCFF054944F}"
EndProject
Global
	GlobalSection(SolutionConfigurationPlatforms) = preSolution
		Debug|Any CPU = Debug|Any CPU
		Release|Any CPU = Release|Any CPU
	EndGlobalSection
	GlobalSection(ProjectConfigurationPlatforms) = postSolution
		{3F5948DA-7A53-48AD-AE00-C06E840EA21C}.Debug|Any CPU.ActiveCfg = Debug|Any CPU
		{3F5948DA-7A53-48AD-AE00-C06E840EA21C}.Debug|Any CPU.Build.0 = Debug|Any CPU
		{3F5948DA-7A53-48AD-AE00-C06E840EA21C}.Release|Any CPU.ActiveCfg = Release|Any CPU
		{3F5948DA-7A53-48AD-AE00-C06E840EA21C}.Release|Any CPU.Build.0 = Release|Any CPU
		{9A19103F-16F7-4668-BE54-9A1E7A4F7556}.Debug|Any CPU.ActiveCfg = Debug|Any CPU
		{9A19103F-16F7-4668-BE54-9A1E7A4F7556}.Debug|Any CPU.Build.0 = Debug|Any CPU
		{9A19103F-16F7-4668-BE54-9A1E7A4F7556}.Release|Any CPU.ActiveCfg = Release|Any CPU
		{9A19103F-16F7-4668-BE54-9A1E7A4F7556}.Release|Any CPU.Build.0 = Release|Any CPU
		{887086F6-427E-4D54-805A-7FCFF054944F}.Debug|Any CPU.ActiveCfg = Debug|Any CPU
		{887086F6-427E-4D54-805A-7FCFF054944F}.Debug|Any CPU.Build.0 = Debug|Any CPU
		{887086F6-427E-4D54-805A-7FCFF054944F}.Release|Any CPU.ActiveCfg = Release|Any CPU
		{887086F6-427E-4D54-805A-7FCFF054944F}.Release|Any CPU.Build.0 = Release|Any CPU
	EndGlobalSection
	GlobalSection(SolutionProperties) = preSolution
		HideSolutionNode = FALSE
	EndGlobalSection
	GlobalSection(ExtensibilityGlobals) = postSolution
		SolutionGuid = {AADC2909-3C1B-4505-A60B-4E8151AA1903}
	EndGlobalSection
EndGlobal
